
Microsoft Visual Studio Solution File, Format Version 12.00
# Visual Studio Version 17
VisualStudioVersion = 17.14.36511.14 d17.14
MinimumVisualStudioVersion = 10.0.40219.1
Project("{FAE04EC0-301F-11D3-BF4B-00C04F79EFBC}") = "WebApplication1", "WebApplication1.csproj", "{6B4E8F2E-8CA2-466F-B2C1-7C0FD011730D}"
EndProject
Global
	GlobalSection(SolutionConfigurationPlatforms) = preSolution
		Debug|Any CPU = Debug|Any CPU
		Release|Any CPU = Release|Any CPU
	EndGlobalSection
	GlobalSection(ProjectConfigurationPlatforms) = postSolution
		{6B4E8F2E-8CA2-466F-B2C1-7C0FD011730D}.Debug|Any CPU.ActiveCfg = Debug|Any CPU
		{6B4E8F2E-8CA2-466F-B2C1-7C0FD011730D}.Debug|Any CPU.Build.0 = Debug|Any CPU
		{6B4E8F2E-8CA2-466F-B2C1-7C0FD011730D}.Release|Any CPU.ActiveCfg = Release|Any CPU
		{6B4E8F2E-8CA2-466F-B2C1-7C0FD011730D}.Release|Any CPU.Build.0 = Release|Any CPU
	EndGlobalSection
	GlobalSection(SolutionProperties) = preSolution
		HideSolutionNode = FALSE
	EndGlobalSection
	GlobalSection(ExtensibilityGlobals) = postSolution
		SolutionGuid = {E81D1910-B0B6-49E3-9D91-3BDEB957EDF2}
	EndGlobalSection
EndGlobal
